
Microsoft Visual Studio Solution File, Format Version 12.00
# Visual Studio 2013
VisualStudioVersion = 12.0.21005.1
MinimumVisualStudioVersion = 10.0.40219.1
Project("{FAE04EC0-301F-11D3-BF4B-00C04F79EFBC}") = "WCF체팅(1대1)클라", "WCF체팅(1대1)클라\WCF체팅(1대1)클라.csproj", "{13E5FD43-01BE-4166-8998-7277C7308FFD}"
EndProject
Global
	GlobalSection(SolutionConfigurationPlatforms) = preSolution
		Debug|Any CPU = Debug|Any CPU
		Release|Any CPU = Release|Any CPU
	EndGlobalSection
	GlobalSection(ProjectConfigurationPlatforms) = postSolution
		{13E5FD43-01BE-4166-8998-7277C7308FFD}.Debug|Any CPU.ActiveCfg = Debug|Any CPU
		{13E5FD43-01BE-4166-8998-7277C7308FFD}.Debug|Any CPU.Build.0 = Debug|Any CPU
		{13E5FD43-01BE-4166-8998-7277C7308FFD}.Release|Any CPU.ActiveCfg = Release|Any CPU
		{13E5FD43-01BE-4166-8998-7277C7308FFD}.Release|Any CPU.Build.0 = Release|Any CPU
	EndGlobalSection
	GlobalSection(SolutionProperties) = preSolution
		HideSolutionNode = FALSE
	EndGlobalSection
EndGlobal
